
Microsoft Visual Studio Solution File, Format Version 11.00
# Visual Studio 2010
Project("{2150E333-8FDC-42A3-9474-1A3956D46DE8}") = "0 - Gerenciamento de Dependencia", "0 - Gerenciamento de Dependencia", "{35BFB8DD-9D77-4A5E-9FB2-B12A73A058D5}"
EndProject
Project("{2150E333-8FDC-42A3-9474-1A3956D46DE8}") = "1 - Arquitetura e Design", "1 - Arquitetura e Design", "{AD39F121-A483-4250-A4A3-74B176F0E5B0}"
EndProject
Project("{2150E333-8FDC-42A3-9474-1A3956D46DE8}") = "2 - Camadas", "2 - Camadas", "{C1392637-D956-473F-AF81-71A7FEE2ABB5}"
EndProject
Project("{2150E333-8FDC-42A3-9474-1A3956D46DE8}") = "2.1 - Apresentação", "2.1 - Apresentação", "{4A265A85-1440-44BD-9AD1-3D39EDB94297}"
EndProject
Project("{2150E333-8FDC-42A3-9474-1A3956D46DE8}") = "3 - Qualidade", "3 - Qualidade", "{23FCB63F-242C-4F1B-8D8F-4DFE37A99518}"
EndProject
Project("{2150E333-8FDC-42A3-9474-1A3956D46DE8}") = "3.1 - Testes Unitários", "3.1 - Testes Unitários", "{C5F550BF-26A2-47A8-959C-78F2AF6FBB2A}"
EndProject
Project("{2150E333-8FDC-42A3-9474-1A3956D46DE8}") = "3.2 - Testes de Carga", "3.2 - Testes de Carga", "{39A1984A-357F-4C8C-A5E4-C56310982623}"
EndProject
Project("{2150E333-8FDC-42A3-9474-1A3956D46DE8}") = "3.3 - Testes de Automatizado", "3.3 - Testes de Automatizado", "{DB41F115-418B-4757-8999-15F32610A3A0}"
EndProject
Project("{2150E333-8FDC-42A3-9474-1A3956D46DE8}") = "2.3 - Aplicação", "2.3 - Aplicação", "{0C14804F-AB9C-461F-94F6-FF339E30E19F}"
EndProject
Project("{2150E333-8FDC-42A3-9474-1A3956D46DE8}") = "2.4 - Domínio", "2.4 - Domínio", "{CB89F953-62F2-45AD-85FB-AF4E4337483B}"
EndProject
Project("{2150E333-8FDC-42A3-9474-1A3956D46DE8}") = "2.5 - Infraestrutura", "2.5 - Infraestrutura", "{78A4AB44-A071-4861-A2B9-5AF12909899B}"
EndProject
Project("{FAE04EC0-301F-11D3-BF4B-00C04F79EFBC}") = "DDD.UI.Web", "Fresenius.Exemplo.UI.Web\DDD.UI.Web.csproj", "{9460F9E0-05CA-4067-A984-6D21CFED6289}"
EndProject
Project("{FAE04EC0-301F-11D3-BF4B-00C04F79EFBC}") = "DDD.UI.Web.Tests", "Fresenius.Exemplo.UI.Web.Tests\DDD.UI.Web.Tests.csproj", "{B19F8DB4-03AB-4700-87FF-0ED609F22B9D}"
EndProject
Project("{FAE04EC0-301F-11D3-BF4B-00C04F79EFBC}") = "DDD.UI.Web.Controllers", "Fresenius.Exemplo.UI.Controllers\DDD.UI.Web.Controllers.csproj", "{2398CC33-2FD0-4B0F-890D-673728FD7ACA}"
EndProject
Project("{FAE04EC0-301F-11D3-BF4B-00C04F79EFBC}") = "DDD.Infraestrutura.Comuns", "Fresenius.Exemplo.Infraestrutura.Comuns\DDD.Infraestrutura.Comuns.csproj", "{B4C6D472-18AA-4FD5-91EB-D89D04C51CC8}"
EndProject
Project("{FAE04EC0-301F-11D3-BF4B-00C04F79EFBC}") = "DDD.Infraestrutura.Persistencia", "Fresenius.Exemplo.Infraestrutura.Persistencia\DDD.Infraestrutura.Persistencia.csproj", "{D756DD46-1FA9-4D90-BC33-AC7813CD96B6}"
EndProject
Project("{FAE04EC0-301F-11D3-BF4B-00C04F79EFBC}") = "DDD.Aplicacao", "Fresenius.Exemplo.Aplicacao\DDD.Aplicacao.csproj", "{49221EF5-57AC-483D-8D41-5AD4134DFF43}"
EndProject
Project("{FAE04EC0-301F-11D3-BF4B-00C04F79EFBC}") = "DDD.Dominio", "Fresenius.Exemplo.Dominio\DDD.Dominio.csproj", "{E6A81254-12E2-4B6A-9A86-482161E5B3D1}"
EndProject
Project("{2150E333-8FDC-42A3-9474-1A3956D46DE8}") = "2.2 - Servicos Distribuidos", "2.2 - Servicos Distribuidos", "{DB06D439-03A4-4174-9930-842B82177619}"
EndProject
Project("{FAE04EC0-301F-11D3-BF4B-00C04F79EFBC}") = "DDD.WebService", "Fresenius.Exemplo.WebService\DDD.WebService.csproj", "{9F6D63C6-7630-486D-A179-0BDB6040FAE3}"
EndProject
Project("{F088123C-0E9E-452A-89E6-6BA2F21D5CAC}") = "DDD.Arquitetura", "Fresenius.Exemplo.Arquitetura\DDD.Arquitetura.modelproj", "{B6098C90-CA02-4A6E-8479-E29B1A9161B5}"
EndProject
Project("{FAE04EC0-301F-11D3-BF4B-00C04F79EFBC}") = "DDD.Dominio.BindContext", "Fresenius.Exemplo.Dominio.BindContext\DDD.Dominio.BindContext.csproj", "{89DADF74-7859-4E8F-A22E-BB474C60A76A}"
EndProject
Project("{2150E333-8FDC-42A3-9474-1A3956D46DE8}") = "Solution Items", "Solution Items", "{43CE97D9-5B75-4A5D-AE67-47D4C437B2F0}"
	ProjectSection(SolutionItems) = preProject
		DDD.vsmdi = DDD.vsmdi
	EndProjectSection
EndProject
Global
	GlobalSection(TestCaseManagementSettings) = postSolution
		CategoryFile = Fresenius.Exemplo.vsmdi
	EndGlobalSection
	GlobalSection(SolutionConfigurationPlatforms) = preSolution
		Debug|Any CPU = Debug|Any CPU
		Homologação|Any CPU = Homologação|Any CPU
		Produção|Any CPU = Produção|Any CPU
		Release|Any CPU = Release|Any CPU
	EndGlobalSection
	GlobalSection(ProjectConfigurationPlatforms) = postSolution
		{9460F9E0-05CA-4067-A984-6D21CFED6289}.Debug|Any CPU.ActiveCfg = Debug|Any CPU
		{9460F9E0-05CA-4067-A984-6D21CFED6289}.Debug|Any CPU.Build.0 = Debug|Any CPU
		{9460F9E0-05CA-4067-A984-6D21CFED6289}.Homologação|Any CPU.ActiveCfg = Homologação|Any CPU
		{9460F9E0-05CA-4067-A984-6D21CFED6289}.Homologação|Any CPU.Build.0 = Homologação|Any CPU
		{9460F9E0-05CA-4067-A984-6D21CFED6289}.Produção|Any CPU.ActiveCfg = Produção|Any CPU
		{9460F9E0-05CA-4067-A984-6D21CFED6289}.Produção|Any CPU.Build.0 = Produção|Any CPU
		{9460F9E0-05CA-4067-A984-6D21CFED6289}.Release|Any CPU.ActiveCfg = Release|Any CPU
		{9460F9E0-05CA-4067-A984-6D21CFED6289}.Release|Any CPU.Build.0 = Release|Any CPU
		{B19F8DB4-03AB-4700-87FF-0ED609F22B9D}.Debug|Any CPU.ActiveCfg = Debug|Any CPU
		{B19F8DB4-03AB-4700-87FF-0ED609F22B9D}.Debug|Any CPU.Build.0 = Debug|Any CPU
		{B19F8DB4-03AB-4700-87FF-0ED609F22B9D}.Homologação|Any CPU.ActiveCfg = Homologação|Any CPU
		{B19F8DB4-03AB-4700-87FF-0ED609F22B9D}.Homologação|Any CPU.Build.0 = Homologação|Any CPU
		{B19F8DB4-03AB-4700-87FF-0ED609F22B9D}.Produção|Any CPU.ActiveCfg = Produção|Any CPU
		{B19F8DB4-03AB-4700-87FF-0ED609F22B9D}.Produção|Any CPU.Build.0 = Produção|Any CPU
		{B19F8DB4-03AB-4700-87FF-0ED609F22B9D}.Release|Any CPU.ActiveCfg = Release|Any CPU
		{B19F8DB4-03AB-4700-87FF-0ED609F22B9D}.Release|Any CPU.Build.0 = Release|Any CPU
		{2398CC33-2FD0-4B0F-890D-673728FD7ACA}.Debug|Any CPU.ActiveCfg = Debug|Any CPU
		{2398CC33-2FD0-4B0F-890D-673728FD7ACA}.Debug|Any CPU.Build.0 = Debug|Any CPU
		{2398CC33-2FD0-4B0F-890D-673728FD7ACA}.Homologação|Any CPU.ActiveCfg = Homologação|Any CPU
		{2398CC33-2FD0-4B0F-890D-673728FD7ACA}.Homologação|Any CPU.Build.0 = Homologação|Any CPU
		{2398CC33-2FD0-4B0F-890D-673728FD7ACA}.Produção|Any CPU.ActiveCfg = Produção|Any CPU
		{2398CC33-2FD0-4B0F-890D-673728FD7ACA}.Produção|Any CPU.Build.0 = Produção|Any CPU
		{2398CC33-2FD0-4B0F-890D-673728FD7ACA}.Release|Any CPU.ActiveCfg = Release|Any CPU
		{2398CC33-2FD0-4B0F-890D-673728FD7ACA}.Release|Any CPU.Build.0 = Release|Any CPU
		{B4C6D472-18AA-4FD5-91EB-D89D04C51CC8}.Debug|Any CPU.ActiveCfg = Debug|Any CPU
		{B4C6D472-18AA-4FD5-91EB-D89D04C51CC8}.Debug|Any CPU.Build.0 = Debug|Any CPU
		{B4C6D472-18AA-4FD5-91EB-D89D04C51CC8}.Homologação|Any CPU.ActiveCfg = Homologação|Any CPU
		{B4C6D472-18AA-4FD5-91EB-D89D04C51CC8}.Homologação|Any CPU.Build.0 = Homologação|Any CPU
		{B4C6D472-18AA-4FD5-91EB-D89D04C51CC8}.Produção|Any CPU.ActiveCfg = Produção|Any CPU
		{B4C6D472-18AA-4FD5-91EB-D89D04C51CC8}.Produção|Any CPU.Build.0 = Produção|Any CPU
		{B4C6D472-18AA-4FD5-91EB-D89D04C51CC8}.Release|Any CPU.ActiveCfg = Release|Any CPU
		{B4C6D472-18AA-4FD5-91EB-D89D04C51CC8}.Release|Any CPU.Build.0 = Release|Any CPU
		{D756DD46-1FA9-4D90-BC33-AC7813CD96B6}.Debug|Any CPU.ActiveCfg = Debug|Any CPU
		{D756DD46-1FA9-4D90-BC33-AC7813CD96B6}.Debug|Any CPU.Build.0 = Debug|Any CPU
		{D756DD46-1FA9-4D90-BC33-AC7813CD96B6}.Homologação|Any CPU.ActiveCfg = Homologação|Any CPU
		{D756DD46-1FA9-4D90-BC33-AC7813CD96B6}.Homologação|Any CPU.Build.0 = Homologação|Any CPU
		{D756DD46-1FA9-4D90-BC33-AC7813CD96B6}.Produção|Any CPU.ActiveCfg = Produção|Any CPU
		{D756DD46-1FA9-4D90-BC33-AC7813CD96B6}.Produção|Any CPU.Build.0 = Produção|Any CPU
		{D756DD46-1FA9-4D90-BC33-AC7813CD96B6}.Release|Any CPU.ActiveCfg = Release|Any CPU
		{D756DD46-1FA9-4D90-BC33-AC7813CD96B6}.Release|Any CPU.Build.0 = Release|Any CPU
		{49221EF5-57AC-483D-8D41-5AD4134DFF43}.Debug|Any CPU.ActiveCfg = Debug|Any CPU
		{49221EF5-57AC-483D-8D41-5AD4134DFF43}.Debug|Any CPU.Build.0 = Debug|Any CPU
		{49221EF5-57AC-483D-8D41-5AD4134DFF43}.Homologação|Any CPU.ActiveCfg = Homologação|Any CPU
		{49221EF5-57AC-483D-8D41-5AD4134DFF43}.Homologação|Any CPU.Build.0 = Homologação|Any CPU
		{49221EF5-57AC-483D-8D41-5AD4134DFF43}.Produção|Any CPU.ActiveCfg = Produção|Any CPU
		{49221EF5-57AC-483D-8D41-5AD4134DFF43}.Produção|Any CPU.Build.0 = Produção|Any CPU
		{49221EF5-57AC-483D-8D41-5AD4134DFF43}.Release|Any CPU.ActiveCfg = Release|Any CPU
		{49221EF5-57AC-483D-8D41-5AD4134DFF43}.Release|Any CPU.Build.0 = Release|Any CPU
		{E6A81254-12E2-4B6A-9A86-482161E5B3D1}.Debug|Any CPU.ActiveCfg = Debug|Any CPU
		{E6A81254-12E2-4B6A-9A86-482161E5B3D1}.Debug|Any CPU.Build.0 = Debug|Any CPU
		{E6A81254-12E2-4B6A-9A86-482161E5B3D1}.Homologação|Any CPU.ActiveCfg = Homologação|Any CPU
		{E6A81254-12E2-4B6A-9A86-482161E5B3D1}.Homologação|Any CPU.Build.0 = Homologação|Any CPU
		{E6A81254-12E2-4B6A-9A86-482161E5B3D1}.Produção|Any CPU.ActiveCfg = Produção|Any CPU
		{E6A81254-12E2-4B6A-9A86-482161E5B3D1}.Produção|Any CPU.Build.0 = Produção|Any CPU
		{E6A81254-12E2-4B6A-9A86-482161E5B3D1}.Release|Any CPU.ActiveCfg = Release|Any CPU
		{E6A81254-12E2-4B6A-9A86-482161E5B3D1}.Release|Any CPU.Build.0 = Release|Any CPU
		{9F6D63C6-7630-486D-A179-0BDB6040FAE3}.Debug|Any CPU.ActiveCfg = Debug|Any CPU
		{9F6D63C6-7630-486D-A179-0BDB6040FAE3}.Debug|Any CPU.Build.0 = Debug|Any CPU
		{9F6D63C6-7630-486D-A179-0BDB6040FAE3}.Homologação|Any CPU.ActiveCfg = Homologação|Any CPU
		{9F6D63C6-7630-486D-A179-0BDB6040FAE3}.Homologação|Any CPU.Build.0 = Homologação|Any CPU
		{9F6D63C6-7630-486D-A179-0BDB6040FAE3}.Produção|Any CPU.ActiveCfg = Produção|Any CPU
		{9F6D63C6-7630-486D-A179-0BDB6040FAE3}.Produção|Any CPU.Build.0 = Produção|Any CPU
		{9F6D63C6-7630-486D-A179-0BDB6040FAE3}.Release|Any CPU.ActiveCfg = Release|Any CPU
		{9F6D63C6-7630-486D-A179-0BDB6040FAE3}.Release|Any CPU.Build.0 = Release|Any CPU
		{B6098C90-CA02-4A6E-8479-E29B1A9161B5}.Debug|Any CPU.ActiveCfg = Debug|Any CPU
		{B6098C90-CA02-4A6E-8479-E29B1A9161B5}.Debug|Any CPU.Build.0 = Debug|Any CPU
		{B6098C90-CA02-4A6E-8479-E29B1A9161B5}.Homologação|Any CPU.ActiveCfg = Homologação|Any CPU
		{B6098C90-CA02-4A6E-8479-E29B1A9161B5}.Homologação|Any CPU.Build.0 = Homologação|Any CPU
		{B6098C90-CA02-4A6E-8479-E29B1A9161B5}.Produção|Any CPU.ActiveCfg = Produção|Any CPU
		{B6098C90-CA02-4A6E-8479-E29B1A9161B5}.Produção|Any CPU.Build.0 = Produção|Any CPU
		{B6098C90-CA02-4A6E-8479-E29B1A9161B5}.Release|Any CPU.ActiveCfg = Release|Any CPU
		{B6098C90-CA02-4A6E-8479-E29B1A9161B5}.Release|Any CPU.Build.0 = Release|Any CPU
		{89DADF74-7859-4E8F-A22E-BB474C60A76A}.Debug|Any CPU.ActiveCfg = Debug|Any CPU
		{89DADF74-7859-4E8F-A22E-BB474C60A76A}.Debug|Any CPU.Build.0 = Debug|Any CPU
		{89DADF74-7859-4E8F-A22E-BB474C60A76A}.Homologação|Any CPU.ActiveCfg = Homologação|Any CPU
		{89DADF74-7859-4E8F-A22E-BB474C60A76A}.Homologação|Any CPU.Build.0 = Homologação|Any CPU
		{89DADF74-7859-4E8F-A22E-BB474C60A76A}.Produção|Any CPU.ActiveCfg = Produção|Any CPU
		{89DADF74-7859-4E8F-A22E-BB474C60A76A}.Produção|Any CPU.Build.0 = Produção|Any CPU
		{89DADF74-7859-4E8F-A22E-BB474C60A76A}.Release|Any CPU.ActiveCfg = Release|Any CPU
		{89DADF74-7859-4E8F-A22E-BB474C60A76A}.Release|Any CPU.Build.0 = Release|Any CPU
	EndGlobalSection
	GlobalSection(SolutionProperties) = preSolution
		HideSolutionNode = FALSE
	EndGlobalSection
	GlobalSection(NestedProjects) = preSolution
		{B6098C90-CA02-4A6E-8479-E29B1A9161B5} = {AD39F121-A483-4250-A4A3-74B176F0E5B0}
		{4A265A85-1440-44BD-9AD1-3D39EDB94297} = {C1392637-D956-473F-AF81-71A7FEE2ABB5}
		{0C14804F-AB9C-461F-94F6-FF339E30E19F} = {C1392637-D956-473F-AF81-71A7FEE2ABB5}
		{CB89F953-62F2-45AD-85FB-AF4E4337483B} = {C1392637-D956-473F-AF81-71A7FEE2ABB5}
		{78A4AB44-A071-4861-A2B9-5AF12909899B} = {C1392637-D956-473F-AF81-71A7FEE2ABB5}
		{DB06D439-03A4-4174-9930-842B82177619} = {C1392637-D956-473F-AF81-71A7FEE2ABB5}
		{9460F9E0-05CA-4067-A984-6D21CFED6289} = {4A265A85-1440-44BD-9AD1-3D39EDB94297}
		{2398CC33-2FD0-4B0F-890D-673728FD7ACA} = {4A265A85-1440-44BD-9AD1-3D39EDB94297}
		{C5F550BF-26A2-47A8-959C-78F2AF6FBB2A} = {23FCB63F-242C-4F1B-8D8F-4DFE37A99518}
		{39A1984A-357F-4C8C-A5E4-C56310982623} = {23FCB63F-242C-4F1B-8D8F-4DFE37A99518}
		{DB41F115-418B-4757-8999-15F32610A3A0} = {23FCB63F-242C-4F1B-8D8F-4DFE37A99518}
		{B19F8DB4-03AB-4700-87FF-0ED609F22B9D} = {C5F550BF-26A2-47A8-959C-78F2AF6FBB2A}
		{49221EF5-57AC-483D-8D41-5AD4134DFF43} = {0C14804F-AB9C-461F-94F6-FF339E30E19F}
		{E6A81254-12E2-4B6A-9A86-482161E5B3D1} = {CB89F953-62F2-45AD-85FB-AF4E4337483B}
		{89DADF74-7859-4E8F-A22E-BB474C60A76A} = {CB89F953-62F2-45AD-85FB-AF4E4337483B}
		{B4C6D472-18AA-4FD5-91EB-D89D04C51CC8} = {78A4AB44-A071-4861-A2B9-5AF12909899B}
		{D756DD46-1FA9-4D90-BC33-AC7813CD96B6} = {78A4AB44-A071-4861-A2B9-5AF12909899B}
		{9F6D63C6-7630-486D-A179-0BDB6040FAE3} = {DB06D439-03A4-4174-9930-842B82177619}
	EndGlobalSection
EndGlobal
